
Microsoft Visual Studio Solution File, Format Version 12.00
# Visual Studio 14
VisualStudioVersion = 14.0.23107.0
MinimumVisualStudioVersion = 10.0.40219.1
Project("{9092AA53-FB77-4645-B42D-1CCCA6BD08BD}") = "TestApp", "TestApp\TestApp.njsproj", "{121FBCC8-63AF-485F-815F-25BA17059EFB}"
EndProject
Project("{9092AA53-FB77-4645-B42D-1CCCA6BD08BD}") = "SmallWebChat", "SmallWebChat\SmallWebChat.njsproj", "{CDDD1C0F-62F3-415F-A638-BD02B04E3AA7}"
EndProject
Project("{2150E333-8FDC-42A3-9474-1A3956D46DE8}") = "Solution Items", "Solution Items", "{51E3856F-D2ED-4587-8237-4FD663A8A481}"
	ProjectSection(SolutionItems) = preProject
		WebEssentials2015-Settings.json = WebEssentials2015-Settings.json
	EndProjectSection
EndProject
Project("{9092AA53-FB77-4645-B42D-1CCCA6BD08BD}") = "SmallWebChatTS", "SmallWebChatTS\SmallWebChatTS.njsproj", "{348CB62F-A5DB-42BF-A371-81C50DF0ACDF}"
EndProject
Global
	GlobalSection(SolutionConfigurationPlatforms) = preSolution
		Debug|Any CPU = Debug|Any CPU
		Release|Any CPU = Release|Any CPU
	EndGlobalSection
	GlobalSection(ProjectConfigurationPlatforms) = postSolution
		{121FBCC8-63AF-485F-815F-25BA17059EFB}.Debug|Any CPU.ActiveCfg = Debug|Any CPU
		{121FBCC8-63AF-485F-815F-25BA17059EFB}.Debug|Any CPU.Build.0 = Debug|Any CPU
		{121FBCC8-63AF-485F-815F-25BA17059EFB}.Release|Any CPU.ActiveCfg = Release|Any CPU
		{121FBCC8-63AF-485F-815F-25BA17059EFB}.Release|Any CPU.Build.0 = Release|Any CPU
		{CDDD1C0F-62F3-415F-A638-BD02B04E3AA7}.Debug|Any CPU.ActiveCfg = Debug|Any CPU
		{CDDD1C0F-62F3-415F-A638-BD02B04E3AA7}.Debug|Any CPU.Build.0 = Debug|Any CPU
		{CDDD1C0F-62F3-415F-A638-BD02B04E3AA7}.Release|Any CPU.ActiveCfg = Release|Any CPU
		{CDDD1C0F-62F3-415F-A638-BD02B04E3AA7}.Release|Any CPU.Build.0 = Release|Any CPU
		{348CB62F-A5DB-42BF-A371-81C50DF0ACDF}.Debug|Any CPU.ActiveCfg = Debug|Any CPU
		{348CB62F-A5DB-42BF-A371-81C50DF0ACDF}.Debug|Any CPU.Build.0 = Debug|Any CPU
		{348CB62F-A5DB-42BF-A371-81C50DF0ACDF}.Release|Any CPU.ActiveCfg = Release|Any CPU
		{348CB62F-A5DB-42BF-A371-81C50DF0ACDF}.Release|Any CPU.Build.0 = Release|Any CPU
	EndGlobalSection
	GlobalSection(SolutionProperties) = preSolution
		HideSolutionNode = FALSE
	EndGlobalSection
EndGlobal
